
Microsoft Visual Studio Solution File, Format Version 12.00
# Visual Studio Version 16
VisualStudioVersion = 16.0.31205.134
MinimumVisualStudioVersion = 10.0.40219.1
Project("{FAE04EC0-301F-11D3-BF4B-00C04F79EFBC}") = "VendingMachine", "VendingMachine.csproj", "{A77AA0C7-93A2-4E6F-89C1-B0351231C743}"
EndProject
Global
	GlobalSection(SolutionConfigurationPlatforms) = preSolution
		Debug|Any CPU = Debug|Any CPU
		Release|Any CPU = Release|Any CPU
	EndGlobalSection
	GlobalSection(ProjectConfigurationPlatforms) = postSolution
		{A77AA0C7-93A2-4E6F-89C1-B0351231C743}.Debug|Any CPU.ActiveCfg = Debug|Any CPU
		{A77AA0C7-93A2-4E6F-89C1-B0351231C743}.Debug|Any CPU.Build.0 = Debug|Any CPU
		{A77AA0C7-93A2-4E6F-89C1-B0351231C743}.Release|Any CPU.ActiveCfg = Release|Any CPU
		{A77AA0C7-93A2-4E6F-89C1-B0351231C743}.Release|Any CPU.Build.0 = Release|Any CPU
	EndGlobalSection
	GlobalSection(SolutionProperties) = preSolution
		HideSolutionNode = FALSE
	EndGlobalSection
	GlobalSection(ExtensibilityGlobals) = postSolution
		SolutionGuid = {7F25C26F-F8E1-4F10-A976-C4D3DEBD160E}
	EndGlobalSection
EndGlobal
